PODS:
  - Charts (3.6.0):
    - Charts/Core (= 3.6.0)
  - Charts/Core (3.6.0)
  - FSCalendar (2.8.2)
  - Realm (10.20.1):
    - Realm/Headers (= 10.20.1)
  - Realm/Headers (10.20.1)
  - RealmSwift (10.20.1):
    - Realm (= 10.20.1)

DEPENDENCIES:
  - Charts
  - FSCalendar
  - RealmSwift

SPEC REPOS:
  trunk:
    - Charts
    - FSCalendar
    - Realm
    - RealmSwift

SPEC CHECKSUMS:
  Charts: b1e3a1f5a1c9ba5394438ca3b91bd8c9076310af
  FSCalendar: e6a2eb9c571bf0719ed797ef807e08426753c241
  Realm: fac5ecd031fcb81171627b74944c885662d4b266
  RealmSwift: 9b02d25acb46a14756bde9893abb99e2e3675923

PODFILE CHECKSUM: deccd74fd121bdc537586d94fca60ceebb0aba81

COCOAPODS: 1.11.2
